
Microsoft Visual Studio Solution File, Format Version 12.00
# Visual Studio Version 17
Project("{2150E333-8FDC-42A3-9474-1A3956D46DE8}") = "CMakePredefinedTargets", "CMakePredefinedTargets", "{5009AEDB-5B32-321B-8952-B189300C3539}"
EndProject
Project("{2150E333-8FDC-42A3-9474-1A3956D46DE8}") = "GLFW3", "GLFW3", "{F5BF0491-98E4-3CE1-9C85-7FE51AF00752}"
EndProject
Project("{8BC9CEB8-8B4A-11D0-8D11-00A0C91BC942}") = "ALL_BUILD", "ALL_BUILD.vcxproj", "{CB5A19E5-E47A-3D66-B8D9-008445F90A3C}"
	ProjectSection(ProjectDependencies) = postProject
		{6630EB71-CD61-3279-918B-CDC306C97A3C} = {6630EB71-CD61-3279-918B-CDC306C97A3C}
		{F5A7B647-B4B0-3682-97C3-C3F690858903} = {F5A7B647-B4B0-3682-97C3-C3F690858903}
	EndProjectSection
EndProject
Project("{8BC9CEB8-8B4A-11D0-8D11-00A0C91BC942}") = "INSTALL", "INSTALL.vcxproj", "{F3F7ED3D-2607-3C34-A3CB-268C137C4CBB}"
	ProjectSection(ProjectDependencies) = postProject
		{CB5A19E5-E47A-3D66-B8D9-008445F90A3C} = {CB5A19E5-E47A-3D66-B8D9-008445F90A3C}
		{6630EB71-CD61-3279-918B-CDC306C97A3C} = {6630EB71-CD61-3279-918B-CDC306C97A3C}
	EndProjectSection
EndProject
Project("{8BC9CEB8-8B4A-11D0-8D11-00A0C91BC942}") = "ZERO_CHECK", "..\..\\ZERO_CHECK.vcxproj", "{6630EB71-CD61-3279-918B-CDC306C97A3C}"
	ProjectSection(ProjectDependencies) = postProject
	EndProjectSection
EndProject
Project("{8BC9CEB8-8B4A-11D0-8D11-00A0C91BC942}") = "glfw", "src\glfw.vcxproj", "{F5A7B647-B4B0-3682-97C3-C3F690858903}"
	ProjectSection(ProjectDependencies) = postProject
		{6630EB71-CD61-3279-918B-CDC306C97A3C} = {6630EB71-CD61-3279-918B-CDC306C97A3C}
	EndProjectSection
EndProject
Project("{8BC9CEB8-8B4A-11D0-8D11-00A0C91BC942}") = "uninstall", "uninstall.vcxproj", "{75A60C5A-29F8-3AA7-97B7-CF017932DA76}"
	ProjectSection(ProjectDependencies) = postProject
		{6630EB71-CD61-3279-918B-CDC306C97A3C} = {6630EB71-CD61-3279-918B-CDC306C97A3C}
	EndProjectSection
EndProject
Global
	GlobalSection(SolutionConfigurationPlatforms) = preSolution
		Debug|x64 = Debug|x64
		Release|x64 = Release|x64
		MinSizeRel|x64 = MinSizeRel|x64
		RelWithDebInfo|x64 = RelWithDebInfo|x64
	EndGlobalSection
	GlobalSection(ProjectConfigurationPlatforms) = postSolution
		{CB5A19E5-E47A-3D66-B8D9-008445F90A3C}.Debug|x64.ActiveCfg = Debug|x64
		{CB5A19E5-E47A-3D66-B8D9-008445F90A3C}.Debug|x64.Build.0 = Debug|x64
		{CB5A19E5-E47A-3D66-B8D9-008445F90A3C}.Release|x64.ActiveCfg = Release|x64
		{CB5A19E5-E47A-3D66-B8D9-008445F90A3C}.Release|x64.Build.0 = Release|x64
		{CB5A19E5-E47A-3D66-B8D9-008445F90A3C}.MinSizeRel|x64.ActiveCfg = MinSizeRel|x64
		{CB5A19E5-E47A-3D66-B8D9-008445F90A3C}.MinSizeRel|x64.Build.0 = MinSizeRel|x64
		{CB5A19E5-E47A-3D66-B8D9-008445F90A3C}.RelWithDebInfo|x64.ActiveCfg = RelWithDebInfo|x64
		{CB5A19E5-E47A-3D66-B8D9-008445F90A3C}.RelWithDebInfo|x64.Build.0 = RelWithDebInfo|x64
		{F3F7ED3D-2607-3C34-A3CB-268C137C4CBB}.Debug|x64.ActiveCfg = Debug|x64
		{F3F7ED3D-2607-3C34-A3CB-268C137C4CBB}.Release|x64.ActiveCfg = Release|x64
		{F3F7ED3D-2607-3C34-A3CB-268C137C4CBB}.MinSizeRel|x64.ActiveCfg = MinSizeRel|x64
		{F3F7ED3D-2607-3C34-A3CB-268C137C4CBB}.RelWithDebInfo|x64.ActiveCfg = RelWithDebInfo|x64
		{6630EB71-CD61-3279-918B-CDC306C97A3C}.Debug|x64.ActiveCfg = Debug|x64
		{6630EB71-CD61-3279-918B-CDC306C97A3C}.Debug|x64.Build.0 = Debug|x64
		{6630EB71-CD61-3279-918B-CDC306C97A3C}.Release|x64.ActiveCfg = Release|x64
		{6630EB71-CD61-3279-918B-CDC306C97A3C}.Release|x64.Build.0 = Release|x64
		{6630EB71-CD61-3279-918B-CDC306C97A3C}.MinSizeRel|x64.ActiveCfg = MinSizeRel|x64
		{6630EB71-CD61-3279-918B-CDC306C97A3C}.MinSizeRel|x64.Build.0 = MinSizeRel|x64
		{6630EB71-CD61-3279-918B-CDC306C97A3C}.RelWithDebInfo|x64.ActiveCfg = RelWithDebInfo|x64
		{6630EB71-CD61-3279-918B-CDC306C97A3C}.RelWithDebInfo|x64.Build.0 = RelWithDebInfo|x64
		{F5A7B647-B4B0-3682-97C3-C3F690858903}.Debug|x64.ActiveCfg = Debug|x64
		{F5A7B647-B4B0-3682-97C3-C3F690858903}.Debug|x64.Build.0 = Debug|x64
		{F5A7B647-B4B0-3682-97C3-C3F690858903}.Release|x64.ActiveCfg = Release|x64
		{F5A7B647-B4B0-3682-97C3-C3F690858903}.Release|x64.Build.0 = Release|x64
		{F5A7B647-B4B0-3682-97C3-C3F690858903}.MinSizeRel|x64.ActiveCfg = MinSizeRel|x64
		{F5A7B647-B4B0-3682-97C3-C3F690858903}.MinSizeRel|x64.Build.0 = MinSizeRel|x64
		{F5A7B647-B4B0-3682-97C3-C3F690858903}.RelWithDebInfo|x64.ActiveCfg = RelWithDebInfo|x64
		{F5A7B647-B4B0-3682-97C3-C3F690858903}.RelWithDebInfo|x64.Build.0 = RelWithDebInfo|x64
		{75A60C5A-29F8-3AA7-97B7-CF017932DA76}.Debug|x64.ActiveCfg = Debug|x64
		{75A60C5A-29F8-3AA7-97B7-CF017932DA76}.Release|x64.ActiveCfg = Release|x64
		{75A60C5A-29F8-3AA7-97B7-CF017932DA76}.MinSizeRel|x64.ActiveCfg = MinSizeRel|x64
		{75A60C5A-29F8-3AA7-97B7-CF017932DA76}.RelWithDebInfo|x64.ActiveCfg = RelWithDebInfo|x64
	EndGlobalSection
	GlobalSection(NestedProjects) = preSolution
		{CB5A19E5-E47A-3D66-B8D9-008445F90A3C} = {5009AEDB-5B32-321B-8952-B189300C3539}
		{F3F7ED3D-2607-3C34-A3CB-268C137C4CBB} = {5009AEDB-5B32-321B-8952-B189300C3539}
		{6630EB71-CD61-3279-918B-CDC306C97A3C} = {5009AEDB-5B32-321B-8952-B189300C3539}
		{F5A7B647-B4B0-3682-97C3-C3F690858903} = {F5BF0491-98E4-3CE1-9C85-7FE51AF00752}
		{75A60C5A-29F8-3AA7-97B7-CF017932DA76} = {F5BF0491-98E4-3CE1-9C85-7FE51AF00752}
	EndGlobalSection
	GlobalSection(ExtensibilityGlobals) = postSolution
		SolutionGuid = {4CD41CA7-CC18-394D-BD30-D184187FB8E0}
	EndGlobalSection
	GlobalSection(ExtensibilityAddIns) = postSolution
	EndGlobalSection
EndGlobal
