<?xml version="1.0" encoding="utf-8"?>
<Project ToolsVersion="17.0" xmlns="http://schemas.microsoft.com/developer/msbuild/2003">
  <ItemGroup>
    <CustomBuild Include="C:\Users\Mihai\_MainAccess\C &amp; C++\Voronoi-OpenGL\CMakeFiles\59e8538a7b5e5b9cb1fe888281b49094\INSTALL_force.rule">
      <Filter>CMake Rules</Filter>
    </CustomBuild>
  </ItemGroup>
  <ItemGroup>
    <Filter Include="CMake Rules">
      <UniqueIdentifier>{61C5AFCA-8A3C-3D26-AF04-4DB51E91E97C}</UniqueIdentifier>
    </Filter>
  </ItemGroup>
</Project>
